
Microsoft Visual Studio Solution File, Format Version 12.00
# Visual Studio 2012
Project("{FAE04EC0-301F-11D3-BF4B-00C04F79EFBC}") = "FFStats", "FFStats\FFStats.csproj", "{7D56615E-E254-452F-BD94-98AAD8FA90D4}"
EndProject
Project("{FAE04EC0-301F-11D3-BF4B-00C04F79EFBC}") = "FFSyncAndStats", "FFSyncAndStats\FFSyncAndStats.csproj", "{880F0F29-0D74-46D0-B460-5F7CDC662888}"
EndProject
Global
	GlobalSection(SolutionConfigurationPlatforms) = preSolution
		Debug|Any CPU = Debug|Any CPU
		Release|Any CPU = Release|Any CPU
	EndGlobalSection
	GlobalSection(ProjectConfigurationPlatforms) = postSolution
		{7D56615E-E254-452F-BD94-98AAD8FA90D4}.Debug|Any CPU.ActiveCfg = Debug|Any CPU
		{7D56615E-E254-452F-BD94-98AAD8FA90D4}.Debug|Any CPU.Build.0 = Debug|Any CPU
		{7D56615E-E254-452F-BD94-98AAD8FA90D4}.Release|Any CPU.ActiveCfg = Release|Any CPU
		{7D56615E-E254-452F-BD94-98AAD8FA90D4}.Release|Any CPU.Build.0 = Release|Any CPU
		{880F0F29-0D74-46D0-B460-5F7CDC662888}.Debug|Any CPU.ActiveCfg = Debug|Any CPU
		{880F0F29-0D74-46D0-B460-5F7CDC662888}.Debug|Any CPU.Build.0 = Debug|Any CPU
		{880F0F29-0D74-46D0-B460-5F7CDC662888}.Release|Any CPU.ActiveCfg = Release|Any CPU
		{880F0F29-0D74-46D0-B460-5F7CDC662888}.Release|Any CPU.Build.0 = Release|Any CPU
	EndGlobalSection
EndGlobal
